
Microsoft Visual Studio Solution File, Format Version 12.00
# Visual Studio 15
VisualStudioVersion = 15.0.27428.2005
MinimumVisualStudioVersion = 10.0.40219.1
Project("{FAE04EC0-301F-11D3-BF4B-00C04F79EFBC}") = "CallCenterPriority", "CallCenterPriority\CallCenterPriority.csproj", "{C7541BDE-AA39-42D6-92C6-D23B6EB55B44}"
EndProject
Project("{FAE04EC0-301F-11D3-BF4B-00C04F79EFBC}") = "CallCenterSingle", "CallCenterSingle\CallCenterSingle.csproj", "{10D38E94-649A-4CC3-8550-2F450ECF81FF}"
EndProject
Project("{FAE04EC0-301F-11D3-BF4B-00C04F79EFBC}") = "HanoiTowers", "HanoiTowers\HanoiTowers.csproj", "{A9391E59-042A-4860-8BB4-99A168983D2E}"
EndProject
Project("{FAE04EC0-301F-11D3-BF4B-00C04F79EFBC}") = "ReverseWords", "ReverseWords\ReverseWords.csproj", "{6A34F91A-87CD-4E54-800C-BD849D4BC374}"
EndProject
Project("{FAE04EC0-301F-11D3-BF4B-00C04F79EFBC}") = "CallCenterMany", "CallCenterMany\CallCenterMany.csproj", "{7C55D37D-0853-4320-9D0B-9864ECF733D2}"
EndProject
Global
	GlobalSection(SolutionConfigurationPlatforms) = preSolution
		Debug|Any CPU = Debug|Any CPU
		Release|Any CPU = Release|Any CPU
	EndGlobalSection
	GlobalSection(ProjectConfigurationPlatforms) = postSolution
		{C7541BDE-AA39-42D6-92C6-D23B6EB55B44}.Debug|Any CPU.ActiveCfg = Debug|Any CPU
		{C7541BDE-AA39-42D6-92C6-D23B6EB55B44}.Debug|Any CPU.Build.0 = Debug|Any CPU
		{C7541BDE-AA39-42D6-92C6-D23B6EB55B44}.Release|Any CPU.ActiveCfg = Release|Any CPU
		{C7541BDE-AA39-42D6-92C6-D23B6EB55B44}.Release|Any CPU.Build.0 = Release|Any CPU
		{10D38E94-649A-4CC3-8550-2F450ECF81FF}.Debug|Any CPU.ActiveCfg = Debug|Any CPU
		{10D38E94-649A-4CC3-8550-2F450ECF81FF}.Debug|Any CPU.Build.0 = Debug|Any CPU
		{10D38E94-649A-4CC3-8550-2F450ECF81FF}.Release|Any CPU.ActiveCfg = Release|Any CPU
		{10D38E94-649A-4CC3-8550-2F450ECF81FF}.Release|Any CPU.Build.0 = Release|Any CPU
		{A9391E59-042A-4860-8BB4-99A168983D2E}.Debug|Any CPU.ActiveCfg = Debug|Any CPU
		{A9391E59-042A-4860-8BB4-99A168983D2E}.Debug|Any CPU.Build.0 = Debug|Any CPU
		{A9391E59-042A-4860-8BB4-99A168983D2E}.Release|Any CPU.ActiveCfg = Release|Any CPU
		{A9391E59-042A-4860-8BB4-99A168983D2E}.Release|Any CPU.Build.0 = Release|Any CPU
		{6A34F91A-87CD-4E54-800C-BD849D4BC374}.Debug|Any CPU.ActiveCfg = Debug|Any CPU
		{6A34F91A-87CD-4E54-800C-BD849D4BC374}.Debug|Any CPU.Build.0 = Debug|Any CPU
		{6A34F91A-87CD-4E54-800C-BD849D4BC374}.Release|Any CPU.ActiveCfg = Release|Any CPU
		{6A34F91A-87CD-4E54-800C-BD849D4BC374}.Release|Any CPU.Build.0 = Release|Any CPU
		{7C55D37D-0853-4320-9D0B-9864ECF733D2}.Debug|Any CPU.ActiveCfg = Debug|Any CPU
		{7C55D37D-0853-4320-9D0B-9864ECF733D2}.Debug|Any CPU.Build.0 = Debug|Any CPU
		{7C55D37D-0853-4320-9D0B-9864ECF733D2}.Release|Any CPU.ActiveCfg = Release|Any CPU
		{7C55D37D-0853-4320-9D0B-9864ECF733D2}.Release|Any CPU.Build.0 = Release|Any CPU
	EndGlobalSection
	GlobalSection(SolutionProperties) = preSolution
		HideSolutionNode = FALSE
	EndGlobalSection
	GlobalSection(ExtensibilityGlobals) = postSolution
		SolutionGuid = {3BF3C16B-6F66-4D38-B7E6-BEFB78C21184}
	EndGlobalSection
EndGlobal
